// !$*UTF8*$!
{
	archiveVersion = 1;
	classes = {
	};
	objectVersion = 46;
	objects = {

/* Begin PBXBuildFile section */
		2E0D03B217B885AE00A09676 /* cards.c in Sources */ = {isa = PBXBuildFile; fileRef = 2E0D03B117B885AE00A09676 /* cards.c */; };
		2EC3664417AFE42600D97B98 /* main.c in Sources */ = {isa = PBXBuildFile; fileRef = 2EC3664317AFE42600D97B98 /* main.c */; };
/* End PBXBuildFile section */

/* Begin PBXCopyFilesBuildPhase section */
		2E75B60017AFE3F4000CC7DF /* CopyFiles */ = {
			isa = PBXCopyFilesBuildPhase;
			buildActionMask = 2147483647;
			dstPath = /usr/share/man/man1/;
			dstSubfolderSpec = 0;
			files = (
			);
			runOnlyForDeploymentPostprocessing = 1;
		};
/* End PBXCopyFilesBuildPhase section */

/* Begin PBXFileReference section */
		2E0D03B117B885AE00A09676 /* cards.c */ = {isa = PBXFileReference; fileEncoding = 4; lastKnownFileType = sourcecode.c.c; path = cards.c; sourceTree = "<group>"; };
		2E2E16AE17B379B400B05F2F /* cards.h */ = {isa = PBXFileReference; lastKnownFileType = sourcecode.c.h; path = cards.h; sourceTree = "<group>"; };
		2E75B60217AFE3F4000CC7DF /* sanguosha */ = {isa = PBXFileReference; explicitFileType = "compiled.mach-o.executable"; includeInIndex = 0; path = sanguosha; sourceTree = BUILT_PRODUCTS_DIR; };
		2EC3664317AFE42600D97B98 /* main.c */ = {isa = PBXFileReference; fileEncoding = 4; lastKnownFileType = sourcecode.c.c; path = main.c; sourceTree = "<group>"; };
/* End PBXFileReference section */

/* Begin PBXFrameworksBuildPhase section */
		2E75B5FF17AFE3F4000CC7DF /* Frameworks */ = {
			isa = PBXFrameworksBuildPhase;
			buildActionMask = 2147483647;
			files = (
			);
			runOnlyForDeploymentPostprocessing = 0;
		};
/* End PBXFrameworksBuildPhase section */

/* Begin PBXGroup section */
		2E0D03B317B887DB00A09676 /* common */ = {
			isa = PBXGroup;
			children = (
			);
			path = common;
			sourceTree = "<group>";
		};
		2E75B5F917AFE3F4000CC7DF = {
			isa = PBXGroup;
			children = (
				2E0D03B317B887DB00A09676 /* common */,
				2E2E16AE17B379B400B05F2F /* cards.h */,
				2E0D03B117B885AE00A09676 /* cards.c */,
				2EC3664317AFE42600D97B98 /* main.c */,
				2E75B60417AFE3F4000CC7DF /* sanguosha */,
				2E75B60317AFE3F4000CC7DF /* Products */,
			);
			sourceTree = "<group>";
		};
		2E75B60317AFE3F4000CC7DF /* Products */ = {
			isa = PBXGroup;
			children = (
				2E75B60217AFE3F4000CC7DF /* sanguosha */,
			);
			name = Products;
			sourceTree = "<group>";
		};
		2E75B60417AFE3F4000CC7DF /* sanguosha */ = {
			isa = PBXGroup;
			children = (
			);
			path = sanguosha;
			sourceTree = "<group>";
		};
/* End PBXGroup section */

/* Begin PBXNativeTarget section */
		2E75B60117AFE3F4000CC7DF /* sanguosha */ = {
			isa = PBXNativeTarget;
			buildConfigurationList = 2E75B60B17AFE3F4000CC7DF /* Build configuration list for PBXNativeTarget "sanguosha" */;
			buildPhases = (
				2E75B5FE17AFE3F4000CC7DF /* Sources */,
				2E75B5FF17AFE3F4000CC7DF /* Frameworks */,
				2E75B60017AFE3F4000CC7DF /* CopyFiles */,
			);
			buildRules = (
			);
			dependencies = (
			);
			name = sanguosha;
			productName = sanguosha;
			productReference = 2E75B60217AFE3F4000CC7DF /* sanguosha */;
			productType = "com.apple.product-type.tool";
		};
/* End PBXNativeTarget section */

/* Begin PBXProject section */
		2E75B5FA17AFE3F4000CC7DF /* Project object */ = {
			isa = PBXProject;
			attributes = {
				LastUpgradeCheck = 0460;
				ORGANIZATIONNAME = Master.G;
			};
			buildConfigurationList = 2E75B5FD17AFE3F4000CC7DF /* Build configuration list for PBXProject "sanguosha" */;
			compatibilityVersion = "Xcode 3.2";
			developmentRegion = English;
			hasScannedForEncodings = 0;
			knownRegions = (
				en,
			);
			mainGroup = 2E75B5F917AFE3F4000CC7DF;
			productRefGroup = 2E75B60317AFE3F4000CC7DF /* Products */;
			projectDirPath = "";
			projectRoot = "";
			targets = (
				2E75B60117AFE3F4000CC7DF /* sanguosha */,
			);
		};
/* End PBXProject section */

/* Begin PBXSourcesBuildPhase section */
		2E75B5FE17AFE3F4000CC7DF /* Sources */ = {
			isa = PBXSourcesBuildPhase;
			buildActionMask = 2147483647;
			files = (
				2EC3664417AFE42600D97B98 /* main.c in Sources */,
				2E0D03B217B885AE00A09676 /* cards.c in Sources */,
			);
			runOnlyForDeploymentPostprocessing = 0;
		};
/* End PBXSourcesBuildPhase section */

/* Begin XCBuildConfiguration section */
		2E75B60917AFE3F4000CC7DF /* Debug */ = {
			isa = XCBuildConfiguration;
			buildSettings = {
				ALWAYS_SEARCH_USER_PATHS = NO;
				ARCHS = "$(ARCHS_STANDARD_64_BIT)";
				CLANG_CXX_LANGUAGE_STANDARD = "gnu++0x";
				CLANG_CXX_LIBRARY = "libc++";
				CLANG_WARN_CONSTANT_CONVERSION = YES;
				CLANG_WARN_EMPTY_BODY = YES;
				CLANG_WARN_ENUM_CONVERSION = YES;
				CLANG_WARN_INT_CONVERSION = YES;
				CLANG_WARN__DUPLICATE_METHOD_MATCH = YES;
				COPY_PHASE_STRIP = NO;
				GCC_C_LANGUAGE_STANDARD = gnu99;
				GCC_DYNAMIC_NO_PIC = NO;
				GCC_ENABLE_OBJC_EXCEPTIONS = YES;
				GCC_OPTIMIZATION_LEVEL = 0;
				GCC_PREPROCESSOR_DEFINITIONS = (
					"DEBUG=1",
					"$(inherited)",
				);
				GCC_SYMBOLS_PRIVATE_EXTERN = NO;
				GCC_WARN_64_TO_32_BIT_CONVERSION = YES;
				GCC_WARN_ABOUT_RETURN_TYPE = YES;
				GCC_WARN_UNINITIALIZED_AUTOS = YES;
				GCC_WARN_UNUSED_VARIABLE = YES;
				MACOSX_DEPLOYMENT_TARGET = 10.8;
				ONLY_ACTIVE_ARCH = YES;
				SDKROOT = macosx;
			};
			name = Debug;
		};
		2E75B60A17AFE3F4000CC7DF /* Release */ = {
			isa = XCBuildConfiguration;
			buildSettings = {
				ALWAYS_SEARCH_USER_PATHS = NO;
				ARCHS = "$(ARCHS_STANDARD_64_BIT)";
				CLANG_CXX_LANGUAGE_STANDARD = "gnu++0x";
				CLANG_CXX_LIBRARY = "libc++";
				CLANG_WARN_CONSTANT_CONVERSION = YES;
				CLANG_WARN_EMPTY_BODY = YES;
				CLANG_WARN_ENUM_CONVERSION = YES;
				CLANG_WARN_INT_CONVERSION = YES;
				CLANG_WARN__DUPLICATE_METHOD_MATCH = YES;
				COPY_PHASE_STRIP = YES;
				DEBUG_INFORMATION_FORMAT = "dwarf-with-dsym";
				GCC_C_LANGUAGE_STANDARD = gnu99;
				GCC_ENABLE_OBJC_EXCEPTIONS = YES;
				GCC_WARN_64_TO_32_BIT_CONVERSION = YES;
				GCC_WARN_ABOUT_RETURN_TYPE = YES;
				GCC_WARN_UNINITIALIZED_AUTOS = YES;
				GCC_WARN_UNUSED_VARIABLE = YES;
				MACOSX_DEPLOYMENT_TARGET = 10.8;
				SDKROOT = macosx;
			};
			name = Release;
		};
		2E75B60C17AFE3F4000CC7DF /* Debug */ = {
			isa = XCBuildConfiguration;
			buildSettings = {
				PRODUCT_NAME = "$(TARGET_NAME)";
			};
			name = Debug;
		};
		2E75B60D17AFE3F4000CC7DF /* Release */ = {
			isa = XCBuildConfiguration;
			buildSettings = {
				PRODUCT_NAME = "$(TARGET_NAME)";
			};
			name = Release;
		};
/* End XCBuildConfiguration section */

/* Begin XCConfigurationList section */
		2E75B5FD17AFE3F4000CC7DF /* Build configuration list for PBXProject "sanguosha" */ = {
			isa = XCConfigurationList;
			buildConfigurations = (
				2E75B60917AFE3F4000CC7DF /* Debug */,
				2E75B60A17AFE3F4000CC7DF /* Release */,
			);
			defaultConfigurationIsVisible = 0;
			defaultConfigurationName = Release;
		};
		2E75B60B17AFE3F4000CC7DF /* Build configuration list for PBXNativeTarget "sanguosha" */ = {
			isa = XCConfigurationList;
			buildConfigurations = (
				2E75B60C17AFE3F4000CC7DF /* Debug */,
				2E75B60D17AFE3F4000CC7DF /* Release */,
			);
			defaultConfigurationIsVisible = 0;
			defaultConfigurationName = Release;
		};
/* End XCConfigurationList section */
	};
	rootObject = 2E75B5FA17AFE3F4000CC7DF /* Project object */;
}
